
Microsoft Visual Studio Solution File, Format Version 12.00
# Visual Studio Version 17
VisualStudioVersion = 17.4.33122.133
MinimumVisualStudioVersion = 10.0.40219.1
Project("{FAE04EC0-301F-11D3-BF4B-00C04F79EFBC}") = "PROJETO_DE_GASTO", "PROJETO_DE_GASTO\PROJETO_DE_GASTO.csproj", "{B4B2A94A-3213-4D78-B285-B88B1D7DAD92}"
EndProject
Global
	GlobalSection(SolutionConfigurationPlatforms) = preSolution
		Debug|Any CPU = Debug|Any CPU
		Release|Any CPU = Release|Any CPU
	EndGlobalSection
	GlobalSection(ProjectConfigurationPlatforms) = postSolution
		{B4B2A94A-3213-4D78-B285-B88B1D7DAD92}.Debug|Any CPU.ActiveCfg = Debug|Any CPU
		{B4B2A94A-3213-4D78-B285-B88B1D7DAD92}.Debug|Any CPU.Build.0 = Debug|Any CPU
		{B4B2A94A-3213-4D78-B285-B88B1D7DAD92}.Release|Any CPU.ActiveCfg = Release|Any CPU
		{B4B2A94A-3213-4D78-B285-B88B1D7DAD92}.Release|Any CPU.Build.0 = Release|Any CPU
	EndGlobalSection
	GlobalSection(SolutionProperties) = preSolution
		HideSolutionNode = FALSE
	EndGlobalSection
	GlobalSection(ExtensibilityGlobals) = postSolution
		SolutionGuid = {E42A54E7-CAC6-4E19-AEB5-51F2A5C92BD6}
	EndGlobalSection
EndGlobal
